
Microsoft Visual Studio Solution File, Format Version 12.00
# Visual Studio Version 16
VisualStudioVersion = 16.0.31205.134
MinimumVisualStudioVersion = 10.0.40219.1
Project("{FAE04EC0-301F-11D3-BF4B-00C04F79EFBC}") = "nhóm6-BTL", "nhóm6-BTL\nhóm6-BTL.csproj", "{10F8CCB1-90A0-4EA8-A320-C1DDF541DF42}"
EndProject
Global
	GlobalSection(SolutionConfigurationPlatforms) = preSolution
		Debug|Any CPU = Debug|Any CPU
		Release|Any CPU = Release|Any CPU
	EndGlobalSection
	GlobalSection(ProjectConfigurationPlatforms) = postSolution
		{10F8CCB1-90A0-4EA8-A320-C1DDF541DF42}.Debug|Any CPU.ActiveCfg = Debug|Any CPU
		{10F8CCB1-90A0-4EA8-A320-C1DDF541DF42}.Debug|Any CPU.Build.0 = Debug|Any CPU
		{10F8CCB1-90A0-4EA8-A320-C1DDF541DF42}.Release|Any CPU.ActiveCfg = Release|Any CPU
		{10F8CCB1-90A0-4EA8-A320-C1DDF541DF42}.Release|Any CPU.Build.0 = Release|Any CPU
	EndGlobalSection
	GlobalSection(SolutionProperties) = preSolution
		HideSolutionNode = FALSE
	EndGlobalSection
	GlobalSection(ExtensibilityGlobals) = postSolution
		SolutionGuid = {2CE8286F-4A73-473A-A523-285EB0098C41}
	EndGlobalSection
EndGlobal
